// !$*UTF8*$!
{
	archiveVersion = 1;
	classes = {
	};
	objectVersion = 55;
	objects = {

/* Begin PBXBuildFile section */
		146778EA28C63DA40086DE37 /* Branches.swift in Sources */ = {isa = PBXBuildFile; fileRef = 146778E928C63DA40086DE37 /* Branches.swift */; };
		146778EC28C63DB50086DE37 /* BranchesStoryBorad.storyboard in Resources */ = {isa = PBXBuildFile; fileRef = 146778EB28C63DB50086DE37 /* BranchesStoryBorad.storyboard */; };
		146778EF28C63DD60086DE37 /* branchTableViewCell.swift in Sources */ = {isa = PBXBuildFile; fileRef = 146778ED28C63DD60086DE37 /* branchTableViewCell.swift */; };
		146778F028C63DD60086DE37 /* branchTableViewCell.xib in Resources */ = {isa = PBXBuildFile; fileRef = 146778EE28C63DD60086DE37 /* branchTableViewCell.xib */; };
		146778F228C63EC40086DE37 /* BranchViewModel.swift in Sources */ = {isa = PBXBuildFile; fileRef = 146778F128C63EC40086DE37 /* BranchViewModel.swift */; };
		146778F428C63EFD0086DE37 /* BranchesModel.swift in Sources */ = {isa = PBXBuildFile; fileRef = 146778F328C63EFD0086DE37 /* BranchesModel.swift */; };
		149BF2C828C4ED8F00442D20 /* AppDelegate.swift in Sources */ = {isa = PBXBuildFile; fileRef = 149BF2C728C4ED8F00442D20 /* AppDelegate.swift */; };
		149BF2CA28C4ED8F00442D20 /* SceneDelegate.swift in Sources */ = {isa = PBXBuildFile; fileRef = 149BF2C928C4ED8F00442D20 /* SceneDelegate.swift */; };
		149BF2CC28C4ED8F00442D20 /* LoginViewControler.swift in Sources */ = {isa = PBXBuildFile; fileRef = 149BF2CB28C4ED8F00442D20 /* LoginViewControler.swift */; };
		149BF2CF28C4ED8F00442D20 /* Main.storyboard in Resources */ = {isa = PBXBuildFile; fileRef = 149BF2CD28C4ED8F00442D20 /* Main.storyboard */; };
		149BF2D128C4ED9300442D20 /* Assets.xcassets in Resources */ = {isa = PBXBuildFile; fileRef = 149BF2D028C4ED9300442D20 /* Assets.xcassets */; };
		149BF2D428C4ED9300442D20 /* LaunchScreen.storyboard in Resources */ = {isa = PBXBuildFile; fileRef = 149BF2D228C4ED9300442D20 /* LaunchScreen.storyboard */; };
		149BF2E028C4F21F00442D20 /* UserModel.swift in Sources */ = {isa = PBXBuildFile; fileRef = 149BF2DF28C4F21F00442D20 /* UserModel.swift */; };
		149BF2E228C4F23200442D20 /* LoginViewModel.swift in Sources */ = {isa = PBXBuildFile; fileRef = 149BF2E128C4F23200442D20 /* LoginViewModel.swift */; };
		149BF2E428C4F24E00442D20 /* ApiManager.swift in Sources */ = {isa = PBXBuildFile; fileRef = 149BF2E328C4F24E00442D20 /* ApiManager.swift */; };
		14CCBC7028C61106008BCF7F /* ViewController+Ext.swift in Sources */ = {isa = PBXBuildFile; fileRef = 14CCBC6F28C61106008BCF7F /* ViewController+Ext.swift */; };
		4CA107367DFEEFE5B2582D74 /* Pods_RxSwift_DemoApp.framework in Frameworks */ = {isa = PBXBuildFile; fileRef = 751C0E6B3DAB7B4DD8638CE1 /* Pods_RxSwift_DemoApp.framework */; };
/* End PBXBuildFile section */

/* Begin PBXFileReference section */
		146778E928C63DA40086DE37 /* Branches.swift */ = {isa = PBXFileReference; lastKnownFileType = sourcecode.swift; path = Branches.swift; sourceTree = "<group>"; };
		146778EB28C63DB50086DE37 /* BranchesStoryBorad.storyboard */ = {isa = PBXFileReference; lastKnownFileType = file.storyboard; path = BranchesStoryBorad.storyboard; sourceTree = "<group>"; };
		146778ED28C63DD60086DE37 /* branchTableViewCell.swift */ = {isa = PBXFileReference; lastKnownFileType = sourcecode.swift; path = branchTableViewCell.swift; sourceTree = "<group>"; };
		146778EE28C63DD60086DE37 /* branchTableViewCell.xib */ = {isa = PBXFileReference; lastKnownFileType = file.xib; path = branchTableViewCell.xib; sourceTree = "<group>"; };
		146778F128C63EC40086DE37 /* BranchViewModel.swift */ = {isa = PBXFileReference; lastKnownFileType = sourcecode.swift; path = BranchViewModel.swift; sourceTree = "<group>"; };
		146778F328C63EFD0086DE37 /* BranchesModel.swift */ = {isa = PBXFileReference; lastKnownFileType = sourcecode.swift; path = BranchesModel.swift; sourceTree = "<group>"; };
		149BF2C428C4ED8F00442D20 /* RxSwift-DemoApp.app */ = {isa = PBXFileReference; explicitFileType = wrapper.application; includeInIndex = 0; path = "RxSwift-DemoApp.app"; sourceTree = BUILT_PRODUCTS_DIR; };
		149BF2C728C4ED8F00442D20 /* AppDelegate.swift */ = {isa = PBXFileReference; lastKnownFileType = sourcecode.swift; path = AppDelegate.swift; sourceTree = "<group>"; };
		149BF2C928C4ED8F00442D20 /* SceneDelegate.swift */ = {isa = PBXFileReference; lastKnownFileType = sourcecode.swift; path = SceneDelegate.swift; sourceTree = "<group>"; };
		149BF2CB28C4ED8F00442D20 /* LoginViewControler.swift */ = {isa = PBXFileReference; lastKnownFileType = sourcecode.swift; path = LoginViewControler.swift; sourceTree = "<group>"; };
		149BF2CE28C4ED8F00442D20 /* Base */ = {isa = PBXFileReference; lastKnownFileType = file.storyboard; name = Base; path = Base.lproj/Main.storyboard; sourceTree = "<group>"; };
		149BF2D028C4ED9300442D20 /* Assets.xcassets */ = {isa = PBXFileReference; lastKnownFileType = folder.assetcatalog; path = Assets.xcassets; sourceTree = "<group>"; };
		149BF2D328C4ED9300442D20 /* Base */ = {isa = PBXFileReference; lastKnownFileType = file.storyboard; name = Base; path = Base.lproj/LaunchScreen.storyboard; sourceTree = "<group>"; };
		149BF2D528C4ED9300442D20 /* Info.plist */ = {isa = PBXFileReference; lastKnownFileType = text.plist.xml; path = Info.plist; sourceTree = "<group>"; };
		149BF2DF28C4F21F00442D20 /* UserModel.swift */ = {isa = PBXFileReference; lastKnownFileType = sourcecode.swift; path = UserModel.swift; sourceTree = "<group>"; };
		149BF2E128C4F23200442D20 /* LoginViewModel.swift */ = {isa = PBXFileReference; lastKnownFileType = sourcecode.swift; path = LoginViewModel.swift; sourceTree = "<group>"; };
		149BF2E328C4F24E00442D20 /* ApiManager.swift */ = {isa = PBXFileReference; lastKnownFileType = sourcecode.swift; path = ApiManager.swift; sourceTree = "<group>"; };
		14CCBC6F28C61106008BCF7F /* ViewController+Ext.swift */ = {isa = PBXFileReference; lastKnownFileType = sourcecode.swift; path = "ViewController+Ext.swift"; sourceTree = "<group>"; };
		751C0E6B3DAB7B4DD8638CE1 /* Pods_RxSwift_DemoApp.framework */ = {isa = PBXFileReference; explicitFileType = wrapper.framework; includeInIndex = 0; path = Pods_RxSwift_DemoApp.framework; sourceTree = BUILT_PRODUCTS_DIR; };
		F1B0C91F43DDFD63D48E7664 /* Pods-RxSwift-DemoApp.debug.xcconfig */ = {isa = PBXFileReference; includeInIndex = 1; lastKnownFileType = text.xcconfig; name = "Pods-RxSwift-DemoApp.debug.xcconfig"; path = "Target Support Files/Pods-RxSwift-DemoApp/Pods-RxSwift-DemoApp.debug.xcconfig"; sourceTree = "<group>"; };
		FA22B54F90E12E1A60970554 /* Pods-RxSwift-DemoApp.release.xcconfig */ = {isa = PBXFileReference; includeInIndex = 1; lastKnownFileType = text.xcconfig; name = "Pods-RxSwift-DemoApp.release.xcconfig"; path = "Target Support Files/Pods-RxSwift-DemoApp/Pods-RxSwift-DemoApp.release.xcconfig"; sourceTree = "<group>"; };
/* End PBXFileReference section */

/* Begin PBXFrameworksBuildPhase section */
		149BF2C128C4ED8F00442D20 /* Frameworks */ = {
			isa = PBXFrameworksBuildPhase;
			buildActionMask = 2147483647;
			files = (
				4CA107367DFEEFE5B2582D74 /* Pods_RxSwift_DemoApp.framework in Frameworks */,
			);
			runOnlyForDeploymentPostprocessing = 0;
		};
/* End PBXFrameworksBuildPhase section */

/* Begin PBXGroup section */
		146778E228C63D1D0086DE37 /* Home */ = {
			isa = PBXGroup;
			children = (
				146778E528C63D450086DE37 /* Model */,
				146778E428C63D400086DE37 /* View */,
				146778E328C63D340086DE37 /* ViewModel */,
			);
			path = Home;
			sourceTree = "<group>";
		};
		146778E328C63D340086DE37 /* ViewModel */ = {
			isa = PBXGroup;
			children = (
				146778F128C63EC40086DE37 /* BranchViewModel.swift */,
			);
			path = ViewModel;
			sourceTree = "<group>";
		};
		146778E428C63D400086DE37 /* View */ = {
			isa = PBXGroup;
			children = (
				146778E828C63D820086DE37 /* Cells */,
				146778E628C63D4D0086DE37 /* StoryBoard+VC */,
			);
			path = View;
			sourceTree = "<group>";
		};
		146778E528C63D450086DE37 /* Model */ = {
			isa = PBXGroup;
			children = (
				146778F328C63EFD0086DE37 /* BranchesModel.swift */,
			);
			path = Model;
			sourceTree = "<group>";
		};
		146778E628C63D4D0086DE37 /* StoryBoard+VC */ = {
			isa = PBXGroup;
			children = (
				146778E928C63DA40086DE37 /* Branches.swift */,
				146778EB28C63DB50086DE37 /* BranchesStoryBorad.storyboard */,
			);
			path = "StoryBoard+VC";
			sourceTree = "<group>";
		};
		146778E828C63D820086DE37 /* Cells */ = {
			isa = PBXGroup;
			children = (
				146778ED28C63DD60086DE37 /* branchTableViewCell.swift */,
				146778EE28C63DD60086DE37 /* branchTableViewCell.xib */,
			);
			path = Cells;
			sourceTree = "<group>";
		};
		149BF2BB28C4ED8F00442D20 = {
			isa = PBXGroup;
			children = (
				149BF2C628C4ED8F00442D20 /* RxSwift-DemoApp */,
				149BF2C528C4ED8F00442D20 /* Products */,
				4D9F5D339C37F75FA1EDFD81 /* Pods */,
				B11D9CBD4BA454F5AB85CEBC /* Frameworks */,
			);
			sourceTree = "<group>";
		};
		149BF2C528C4ED8F00442D20 /* Products */ = {
			isa = PBXGroup;
			children = (
				149BF2C428C4ED8F00442D20 /* RxSwift-DemoApp.app */,
			);
			name = Products;
			sourceTree = "<group>";
		};
		149BF2C628C4ED8F00442D20 /* RxSwift-DemoApp */ = {
			isa = PBXGroup;
			children = (
				146778E228C63D1D0086DE37 /* Home */,
				149BF2E328C4F24E00442D20 /* ApiManager.swift */,
				149BF2DB28C4EF7300442D20 /* Login */,
				149BF2C728C4ED8F00442D20 /* AppDelegate.swift */,
				149BF2C928C4ED8F00442D20 /* SceneDelegate.swift */,
				149BF2CD28C4ED8F00442D20 /* Main.storyboard */,
				149BF2D028C4ED9300442D20 /* Assets.xcassets */,
				149BF2D228C4ED9300442D20 /* LaunchScreen.storyboard */,
				149BF2D528C4ED9300442D20 /* Info.plist */,
				14CCBC6F28C61106008BCF7F /* ViewController+Ext.swift */,
			);
			path = "RxSwift-DemoApp";
			sourceTree = "<group>";
		};
		149BF2DB28C4EF7300442D20 /* Login */ = {
			isa = PBXGroup;
			children = (
				149BF2DE28C4EF8E00442D20 /* Model */,
				149BF2DD28C4EF8700442D20 /* ViewModel */,
				149BF2DC28C4EF8100442D20 /* View */,
			);
			path = Login;
			sourceTree = "<group>";
		};
		149BF2DC28C4EF8100442D20 /* View */ = {
			isa = PBXGroup;
			children = (
				149BF2CB28C4ED8F00442D20 /* LoginViewControler.swift */,
			);
			path = View;
			sourceTree = "<group>";
		};
		149BF2DD28C4EF8700442D20 /* ViewModel */ = {
			isa = PBXGroup;
			children = (
				149BF2E128C4F23200442D20 /* LoginViewModel.swift */,
			);
			path = ViewModel;
			sourceTree = "<group>";
		};
		149BF2DE28C4EF8E00442D20 /* Model */ = {
			isa = PBXGroup;
			children = (
				149BF2DF28C4F21F00442D20 /* UserModel.swift */,
			);
			path = Model;
			sourceTree = "<group>";
		};
		4D9F5D339C37F75FA1EDFD81 /* Pods */ = {
			isa = PBXGroup;
			children = (
				F1B0C91F43DDFD63D48E7664 /* Pods-RxSwift-DemoApp.debug.xcconfig */,
				FA22B54F90E12E1A60970554 /* Pods-RxSwift-DemoApp.release.xcconfig */,
			);
			path = Pods;
			sourceTree = "<group>";
		};
		B11D9CBD4BA454F5AB85CEBC /* Frameworks */ = {
			isa = PBXGroup;
			children = (
				751C0E6B3DAB7B4DD8638CE1 /* Pods_RxSwift_DemoApp.framework */,
			);
			name = Frameworks;
			sourceTree = "<group>";
		};
/* End PBXGroup section */

/* Begin PBXNativeTarget section */
		149BF2C328C4ED8F00442D20 /* RxSwift-DemoApp */ = {
			isa = PBXNativeTarget;
			buildConfigurationList = 149BF2D828C4ED9300442D20 /* Build configuration list for PBXNativeTarget "RxSwift-DemoApp" */;
			buildPhases = (
				082D87171859E47A0FE11B04 /* [CP] Check Pods Manifest.lock */,
				149BF2C028C4ED8F00442D20 /* Sources */,
				149BF2C128C4ED8F00442D20 /* Frameworks */,
				149BF2C228C4ED8F00442D20 /* Resources */,
				0636B8EE86429E3E126E7169 /* [CP] Embed Pods Frameworks */,
			);
			buildRules = (
			);
			dependencies = (
			);
			name = "RxSwift-DemoApp";
			productName = "RxSwift-DemoApp";
			productReference = 149BF2C428C4ED8F00442D20 /* RxSwift-DemoApp.app */;
			productType = "com.apple.product-type.application";
		};
/* End PBXNativeTarget section */

/* Begin PBXProject section */
		149BF2BC28C4ED8F00442D20 /* Project object */ = {
			isa = PBXProject;
			attributes = {
				BuildIndependentTargetsInParallel = 1;
				LastSwiftUpdateCheck = 1340;
				LastUpgradeCheck = 1340;
				TargetAttributes = {
					149BF2C328C4ED8F00442D20 = {
						CreatedOnToolsVersion = 13.4.1;
					};
				};
			};
			buildConfigurationList = 149BF2BF28C4ED8F00442D20 /* Build configuration list for PBXProject "RxSwift-DemoApp" */;
			compatibilityVersion = "Xcode 13.0";
			developmentRegion = en;
			hasScannedForEncodings = 0;
			knownRegions = (
				en,
				Base,
			);
			mainGroup = 149BF2BB28C4ED8F00442D20;
			productRefGroup = 149BF2C528C4ED8F00442D20 /* Products */;
			projectDirPath = "";
			projectRoot = "";
			targets = (
				149BF2C328C4ED8F00442D20 /* RxSwift-DemoApp */,
			);
		};
/* End PBXProject section */

/* Begin PBXResourcesBuildPhase section */
		149BF2C228C4ED8F00442D20 /* Resources */ = {
			isa = PBXResourcesBuildPhase;
			buildActionMask = 2147483647;
			files = (
				146778F028C63DD60086DE37 /* branchTableViewCell.xib in Resources */,
				149BF2D428C4ED9300442D20 /* LaunchScreen.storyboard in Resources */,
				149BF2D128C4ED9300442D20 /* Assets.xcassets in Resources */,
				149BF2CF28C4ED8F00442D20 /* Main.storyboard in Resources */,
				146778EC28C63DB50086DE37 /* BranchesStoryBorad.storyboard in Resources */,
			);
			runOnlyForDeploymentPostprocessing = 0;
		};
/* End PBXResourcesBuildPhase section */

/* Begin PBXShellScriptBuildPhase section */
		0636B8EE86429E3E126E7169 /* [CP] Embed Pods Frameworks */ = {
			isa = PBXShellScriptBuildPhase;
			buildActionMask = 2147483647;
			files = (
			);
			inputFileListPaths = (
				"${PODS_ROOT}/Target Support Files/Pods-RxSwift-DemoApp/Pods-RxSwift-DemoApp-frameworks-${CONFIGURATION}-input-files.xcfilelist",
			);
			name = "[CP] Embed Pods Frameworks";
			outputFileListPaths = (
				"${PODS_ROOT}/Target Support Files/Pods-RxSwift-DemoApp/Pods-RxSwift-DemoApp-frameworks-${CONFIGURATION}-output-files.xcfilelist",
			);
			runOnlyForDeploymentPostprocessing = 0;
			shellPath = /bin/sh;
			shellScript = "\"${PODS_ROOT}/Target Support Files/Pods-RxSwift-DemoApp/Pods-RxSwift-DemoApp-frameworks.sh\"\n";
			showEnvVarsInLog = 0;
		};
		082D87171859E47A0FE11B04 /* [CP] Check Pods Manifest.lock */ = {
			isa = PBXShellScriptBuildPhase;
			buildActionMask = 2147483647;
			files = (
			);
			inputFileListPaths = (
			);
			inputPaths = (
				"${PODS_PODFILE_DIR_PATH}/Podfile.lock",
				"${PODS_ROOT}/Manifest.lock",
			);
			name = "[CP] Check Pods Manifest.lock";
			outputFileListPaths = (
			);
			outputPaths = (
				"$(DERIVED_FILE_DIR)/Pods-RxSwift-DemoApp-checkManifestLockResult.txt",
			);
			runOnlyForDeploymentPostprocessing = 0;
			shellPath = /bin/sh;
			shellScript = "diff \"${PODS_PODFILE_DIR_PATH}/Podfile.lock\" \"${PODS_ROOT}/Manifest.lock\" > /dev/null\nif [ $? != 0 ] ; then\n    # print error to STDERR\n    echo \"error: The sandbox is not in sync with the Podfile.lock. Run 'pod install' or update your CocoaPods installation.\" >&2\n    exit 1\nfi\n# This output is used by Xcode 'outputs' to avoid re-running this script phase.\necho \"SUCCESS\" > \"${SCRIPT_OUTPUT_FILE_0}\"\n";
			showEnvVarsInLog = 0;
		};
/* End PBXShellScriptBuildPhase section */

/* Begin PBXSourcesBuildPhase section */
		149BF2C028C4ED8F00442D20 /* Sources */ = {
			isa = PBXSourcesBuildPhase;
			buildActionMask = 2147483647;
			files = (
				149BF2CC28C4ED8F00442D20 /* LoginViewControler.swift in Sources */,
				14CCBC7028C61106008BCF7F /* ViewController+Ext.swift in Sources */,
				146778F228C63EC40086DE37 /* BranchViewModel.swift in Sources */,
				149BF2C828C4ED8F00442D20 /* AppDelegate.swift in Sources */,
				149BF2E028C4F21F00442D20 /* UserModel.swift in Sources */,
				149BF2E228C4F23200442D20 /* LoginViewModel.swift in Sources */,
				146778F428C63EFD0086DE37 /* BranchesModel.swift in Sources */,
				146778EA28C63DA40086DE37 /* Branches.swift in Sources */,
				146778EF28C63DD60086DE37 /* branchTableViewCell.swift in Sources */,
				149BF2E428C4F24E00442D20 /* ApiManager.swift in Sources */,
				149BF2CA28C4ED8F00442D20 /* SceneDelegate.swift in Sources */,
			);
			runOnlyForDeploymentPostprocessing = 0;
		};
/* End PBXSourcesBuildPhase section */

/* Begin PBXVariantGroup section */
		149BF2CD28C4ED8F00442D20 /* Main.storyboard */ = {
			isa = PBXVariantGroup;
			children = (
				149BF2CE28C4ED8F00442D20 /* Base */,
			);
			name = Main.storyboard;
			sourceTree = "<group>";
		};
		149BF2D228C4ED9300442D20 /* LaunchScreen.storyboard */ = {
			isa = PBXVariantGroup;
			children = (
				149BF2D328C4ED9300442D20 /* Base */,
			);
			name = LaunchScreen.storyboard;
			sourceTree = "<group>";
		};
/* End PBXVariantGroup section */

/* Begin XCBuildConfiguration section */
		149BF2D628C4ED9300442D20 /* Debug */ = {
			isa = XCBuildConfiguration;
			buildSettings = {
				ALWAYS_SEARCH_USER_PATHS = NO;
				CLANG_ANALYZER_NONNULL = YES;
				CLANG_ANALYZER_NUMBER_OBJECT_CONVERSION = YES_AGGRESSIVE;
				CLANG_CXX_LANGUAGE_STANDARD = "gnu++17";
				CLANG_ENABLE_MODULES = YES;
				CLANG_ENABLE_OBJC_ARC = YES;
				CLANG_ENABLE_OBJC_WEAK = YES;
				CLANG_WARN_BLOCK_CAPTURE_AUTORELEASING = YES;
				CLANG_WARN_BOOL_CONVERSION = YES;
				CLANG_WARN_COMMA = YES;
				CLANG_WARN_CONSTANT_CONVERSION = YES;
				CLANG_WARN_DEPRECATED_OBJC_IMPLEMENTATIONS = YES;
				CLANG_WARN_DIRECT_OBJC_ISA_USAGE = YES_ERROR;
				CLANG_WARN_DOCUMENTATION_COMMENTS = YES;
				CLANG_WARN_EMPTY_BODY = YES;
				CLANG_WARN_ENUM_CONVERSION = YES;
				CLANG_WARN_INFINITE_RECURSION = YES;
				CLANG_WARN_INT_CONVERSION = YES;
				CLANG_WARN_NON_LITERAL_NULL_CONVERSION = YES;
				CLANG_WARN_OBJC_IMPLICIT_RETAIN_SELF = YES;
				CLANG_WARN_OBJC_LITERAL_CONVERSION = YES;
				CLANG_WARN_OBJC_ROOT_CLASS = YES_ERROR;
				CLANG_WARN_QUOTED_INCLUDE_IN_FRAMEWORK_HEADER = YES;
				CLANG_WARN_RANGE_LOOP_ANALYSIS = YES;
				CLANG_WARN_STRICT_PROTOTYPES = YES;
				CLANG_WARN_SUSPICIOUS_MOVE = YES;
				CLANG_WARN_UNGUARDED_AVAILABILITY = YES_AGGRESSIVE;
				CLANG_WARN_UNREACHABLE_CODE = YES;
				CLANG_WARN__DUPLICATE_METHOD_MATCH = YES;
				COPY_PHASE_STRIP = NO;
				DEBUG_INFORMATION_FORMAT = dwarf;
				ENABLE_STRICT_OBJC_MSGSEND = YES;
				ENABLE_TESTABILITY = YES;
				GCC_C_LANGUAGE_STANDARD = gnu11;
				GCC_DYNAMIC_NO_PIC = NO;
				GCC_NO_COMMON_BLOCKS = YES;
				GCC_OPTIMIZATION_LEVEL = 0;
				GCC_PREPROCESSOR_DEFINITIONS = (
					"DEBUG=1",
					"$(inherited)",
				);
				GCC_WARN_64_TO_32_BIT_CONVERSION = YES;
				GCC_WARN_ABOUT_RETURN_TYPE = YES_ERROR;
				GCC_WARN_UNDECLARED_SELECTOR = YES;
				GCC_WARN_UNINITIALIZED_AUTOS = YES_AGGRESSIVE;
				GCC_WARN_UNUSED_FUNCTION = YES;
				GCC_WARN_UNUSED_VARIABLE = YES;
				IPHONEOS_DEPLOYMENT_TARGET = 15.5;
				MTL_ENABLE_DEBUG_INFO = INCLUDE_SOURCE;
				MTL_FAST_MATH = YES;
				ONLY_ACTIVE_ARCH = YES;
				SDKROOT = iphoneos;
				SWIFT_ACTIVE_COMPILATION_CONDITIONS = DEBUG;
				SWIFT_OPTIMIZATION_LEVEL = "-Onone";
			};
			name = Debug;
		};
		149BF2D728C4ED9300442D20 /* Release */ = {
			isa = XCBuildConfiguration;
			buildSettings = {
				ALWAYS_SEARCH_USER_PATHS = NO;
				CLANG_ANALYZER_NONNULL = YES;
				CLANG_ANALYZER_NUMBER_OBJECT_CONVERSION = YES_AGGRESSIVE;
				CLANG_CXX_LANGUAGE_STANDARD = "gnu++17";
				CLANG_ENABLE_MODULES = YES;
				CLANG_ENABLE_OBJC_ARC = YES;
				CLANG_ENABLE_OBJC_WEAK = YES;
				CLANG_WARN_BLOCK_CAPTURE_AUTORELEASING = YES;
				CLANG_WARN_BOOL_CONVERSION = YES;
				CLANG_WARN_COMMA = YES;
				CLANG_WARN_CONSTANT_CONVERSION = YES;
				CLANG_WARN_DEPRECATED_OBJC_IMPLEMENTATIONS = YES;
				CLANG_WARN_DIRECT_OBJC_ISA_USAGE = YES_ERROR;
				CLANG_WARN_DOCUMENTATION_COMMENTS = YES;
				CLANG_WARN_EMPTY_BODY = YES;
				CLANG_WARN_ENUM_CONVERSION = YES;
				CLANG_WARN_INFINITE_RECURSION = YES;
				CLANG_WARN_INT_CONVERSION = YES;
				CLANG_WARN_NON_LITERAL_NULL_CONVERSION = YES;
				CLANG_WARN_OBJC_IMPLICIT_RETAIN_SELF = YES;
				CLANG_WARN_OBJC_LITERAL_CONVERSION = YES;
				CLANG_WARN_OBJC_ROOT_CLASS = YES_ERROR;
				CLANG_WARN_QUOTED_INCLUDE_IN_FRAMEWORK_HEADER = YES;
				CLANG_WARN_RANGE_LOOP_ANALYSIS = YES;
				CLANG_WARN_STRICT_PROTOTYPES = YES;
				CLANG_WARN_SUSPICIOUS_MOVE = YES;
				CLANG_WARN_UNGUARDED_AVAILABILITY = YES_AGGRESSIVE;
				CLANG_WARN_UNREACHABLE_CODE = YES;
				CLANG_WARN__DUPLICATE_METHOD_MATCH = YES;
				COPY_PHASE_STRIP = NO;
				DEBUG_INFORMATION_FORMAT = "dwarf-with-dsym";
				ENABLE_NS_ASSERTIONS = NO;
				ENABLE_STRICT_OBJC_MSGSEND = YES;
				GCC_C_LANGUAGE_STANDARD = gnu11;
				GCC_NO_COMMON_BLOCKS = YES;
				GCC_WARN_64_TO_32_BIT_CONVERSION = YES;
				GCC_WARN_ABOUT_RETURN_TYPE = YES_ERROR;
				GCC_WARN_UNDECLARED_SELECTOR = YES;
				GCC_WARN_UNINITIALIZED_AUTOS = YES_AGGRESSIVE;
				GCC_WARN_UNUSED_FUNCTION = YES;
				GCC_WARN_UNUSED_VARIABLE = YES;
				IPHONEOS_DEPLOYMENT_TARGET = 15.5;
				MTL_ENABLE_DEBUG_INFO = NO;
				MTL_FAST_MATH = YES;
				SDKROOT = iphoneos;
				SWIFT_COMPILATION_MODE = wholemodule;
				SWIFT_OPTIMIZATION_LEVEL = "-O";
				VALIDATE_PRODUCT = YES;
			};
			name = Release;
		};
		149BF2D928C4ED9300442D20 /* Debug */ = {
			isa = XCBuildConfiguration;
			baseConfigurationReference = F1B0C91F43DDFD63D48E7664 /* Pods-RxSwift-DemoApp.debug.xcconfig */;
			buildSettings = {
				ASSETCATALOG_COMPILER_APPICON_NAME = AppIcon;
				ASSETCATALOG_COMPILER_GLOBAL_ACCENT_COLOR_NAME = AccentColor;
				CODE_SIGN_STYLE = Automatic;
				CURRENT_PROJECT_VERSION = 1;
				DEVELOPMENT_TEAM = WF883538RU;
				GENERATE_INFOPLIST_FILE = YES;
				INFOPLIST_FILE = "RxSwift-DemoApp/Info.plist";
				INFOPLIST_KEY_UIApplicationSupportsIndirectInputEvents = YES;
				INFOPLIST_KEY_UILaunchStoryboardName = LaunchScreen;
				INFOPLIST_KEY_UIMainStoryboardFile = Main;
				INFOPLIST_KEY_UISupportedInterfaceOrientations_iPad = "UIInterfaceOrientationPortrait UIInterfaceOrientationPortraitUpsideDown UIInterfaceOrientationLandscapeLeft UIInterfaceOrientationLandscapeRight";
				INFOPLIST_KEY_UISupportedInterfaceOrientations_iPhone = "UIInterfaceOrientationPortrait UIInterfaceOrientationLandscapeLeft UIInterfaceOrientationLandscapeRight";
				LD_RUNPATH_SEARCH_PATHS = (
					"$(inherited)",
					"@executable_path/Frameworks",
				);
				MARKETING_VERSION = 1.0;
				PRODUCT_BUNDLE_IDENTIFIER = "oday.RxSwift-DemoApp";
				PRODUCT_NAME = "$(TARGET_NAME)";
				SWIFT_EMIT_LOC_STRINGS = YES;
				SWIFT_VERSION = 5.0;
				TARGETED_DEVICE_FAMILY = "1,2";
			};
			name = Debug;
		};
		149BF2DA28C4ED9300442D20 /* Release */ = {
			isa = XCBuildConfiguration;
			baseConfigurationReference = FA22B54F90E12E1A60970554 /* Pods-RxSwift-DemoApp.release.xcconfig */;
			buildSettings = {
				ASSETCATALOG_COMPILER_APPICON_NAME = AppIcon;
				ASSETCATALOG_COMPILER_GLOBAL_ACCENT_COLOR_NAME = AccentColor;
				CODE_SIGN_STYLE = Automatic;
				CURRENT_PROJECT_VERSION = 1;
				DEVELOPMENT_TEAM = WF883538RU;
				GENERATE_INFOPLIST_FILE = YES;
				INFOPLIST_FILE = "RxSwift-DemoApp/Info.plist";
				INFOPLIST_KEY_UIApplicationSupportsIndirectInputEvents = YES;
				INFOPLIST_KEY_UILaunchStoryboardName = LaunchScreen;
				INFOPLIST_KEY_UIMainStoryboardFile = Main;
				INFOPLIST_KEY_UISupportedInterfaceOrientations_iPad = "UIInterfaceOrientationPortrait UIInterfaceOrientationPortraitUpsideDown UIInterfaceOrientationLandscapeLeft UIInterfaceOrientationLandscapeRight";
				INFOPLIST_KEY_UISupportedInterfaceOrientations_iPhone = "UIInterfaceOrientationPortrait UIInterfaceOrientationLandscapeLeft UIInterfaceOrientationLandscapeRight";
				LD_RUNPATH_SEARCH_PATHS = (
					"$(inherited)",
					"@executable_path/Frameworks",
				);
				MARKETING_VERSION = 1.0;
				PRODUCT_BUNDLE_IDENTIFIER = "oday.RxSwift-DemoApp";
				PRODUCT_NAME = "$(TARGET_NAME)";
				SWIFT_EMIT_LOC_STRINGS = YES;
				SWIFT_VERSION = 5.0;
				TARGETED_DEVICE_FAMILY = "1,2";
			};
			name = Release;
		};
/* End XCBuildConfiguration section */

/* Begin XCConfigurationList section */
		149BF2BF28C4ED8F00442D20 /* Build configuration list for PBXProject "RxSwift-DemoApp" */ = {
			isa = XCConfigurationList;
			buildConfigurations = (
				149BF2D628C4ED9300442D20 /* Debug */,
				149BF2D728C4ED9300442D20 /* Release */,
			);
			defaultConfigurationIsVisible = 0;
			defaultConfigurationName = Release;
		};
		149BF2D828C4ED9300442D20 /* Build configuration list for PBXNativeTarget "RxSwift-DemoApp" */ = {
			isa = XCConfigurationList;
			buildConfigurations = (
				149BF2D928C4ED9300442D20 /* Debug */,
				149BF2DA28C4ED9300442D20 /* Release */,
			);
			defaultConfigurationIsVisible = 0;
			defaultConfigurationName = Release;
		};
/* End XCConfigurationList section */
	};
	rootObject = 149BF2BC28C4ED8F00442D20 /* Project object */;
}
